<?xml version="1.0" encoding="utf-8"?>
<Project ToolsVersion="4.0" xmlns="http://schemas.microsoft.com/developer/msbuild/2003">
  <ItemGroup>
    <Filter Include="Source Files">
      <UniqueIdentifier>{4FC737F1-C7A5-4376-A066-2A32D752A2FF}</UniqueIdentifier>
      <Extensions>cpp;c;cc;cxx;def;odl;idl;hpj;bat;asm;asmx</Extensions>
    </Filter>
    <Filter Include="Header Files">
      <UniqueIdentifier>{93995380-89BD-4b04-88EB-625FBE52EBFB}</UniqueIdentifier>
      <Extensions>h;hh;hpp;hxx;hm;inl;inc;ipp;xsd</Extensions>
    </Filter>
    <Filter Include="Common">
      <UniqueIdentifier>{b48a6d05-a7bb-474b-bd0f-93be2a9ca227}</UniqueIdentifier>
    </Filter>
  </ItemGroup>
  <ItemGroup>
    <ClInclude Include="..\Common\Headers\Macros.h">
      <Filter>Common</Filter>
    </ClInclude>
    <ClInclude Include="..\Common\Headers\StringUtil.hpp">
      <Filter>Common</Filter>
    </ClInclude>
    <ClInclude Include="..\Common\Headers\Types.h">
      <Filter>Common</Filter>
    </ClInclude>
    <ClInclude Include="..\Common\Headers\Uncopyable.h">
      <Filter>Common</Filter>
    </ClInclude>
    <ClInclude Include="..\Common\Headers\Unmovable.h">
      <Filter>Common</Filter>
    </ClInclude>
    <ClInclude Include="Headers\CommandFlag.h">
      <Filter>Header Files</Filter>
    </ClInclude>
    <ClInclude Include="Headers\CommandParser.h">
      <Filter>Header Files</Filter>
    </ClInclude>
  </ItemGroup>
  <ItemGroup>
    <ClCompile Include="Source\CommandFlag.cpp">
      <Filter>Source Files</Filter>
    </ClCompile>
    <ClCompile Include="Source\CommandParser.cpp">
      <Filter>Source Files</Filter>
    </ClCompile>
  </ItemGroup>
</Project>